
Microsoft Visual Studio Solution File, Format Version 12.00
# Visual Studio Version 17
VisualStudioVersion = 17.3.32901.215
MinimumVisualStudioVersion = 10.0.40219.1
Project("{FAE04EC0-301F-11D3-BF4B-00C04F79EFBC}") = "examPattern", "examPattern\examPattern.csproj", "{5DDCDB32-CA98-489B-BEE3-FEE0992EFD22}"
EndProject
Global
	GlobalSection(SolutionConfigurationPlatforms) = preSolution
		Debug|Any CPU = Debug|Any CPU
		Release|Any CPU = Release|Any CPU
	EndGlobalSection
	GlobalSection(ProjectConfigurationPlatforms) = postSolution
		{5DDCDB32-CA98-489B-BEE3-FEE0992EFD22}.Debug|Any CPU.ActiveCfg = Debug|Any CPU
		{5DDCDB32-CA98-489B-BEE3-FEE0992EFD22}.Debug|Any CPU.Build.0 = Debug|Any CPU
		{5DDCDB32-CA98-489B-BEE3-FEE0992EFD22}.Release|Any CPU.ActiveCfg = Release|Any CPU
		{5DDCDB32-CA98-489B-BEE3-FEE0992EFD22}.Release|Any CPU.Build.0 = Release|Any CPU
	EndGlobalSection
	GlobalSection(SolutionProperties) = preSolution
		HideSolutionNode = FALSE
	EndGlobalSection
	GlobalSection(ExtensibilityGlobals) = postSolution
		SolutionGuid = {C9960AAE-829B-400F-87DA-5F76CFC29E51}
	EndGlobalSection
EndGlobal
